dependencies:
  espressif/usb_host_cdc_acm:
    component_hash: f3893a5e117c65f3c4d90d282bbb43624a2fec4144532e5c72223e69bd1b00e9
    dependencies:
    - name: idf
      require: private
      version: '>=5.0'
    - name: espressif/usb
      registry_url: https://components.espressif.com
      require: public
      rules:
      - if: idf_version >=6.0
      - if: target not in ["linux"]
      version: ^1.0.0
    source:
      registry_url: https://components.espressif.com/
      type: service
    targets:
    - esp32s2
    - esp32s3
    - esp32p4
    - esp32h4
    - esp32s31
    - linux
    version: 2.4.0
  idf:
    source:
      type: idf
    version: 5.5.2
direct_dependencies:
- espressif/usb_host_cdc_acm
- idf
manifest_hash: 3eb2f3133bc87b7dae24c6988d85b7cab106d344f8e40216906fc10c05a32862
target: esp32s3
version: 2.0.0
